// !$*UTF8*$!
{
	archiveVersion = 1;
	classes = {
	};
	objectVersion = 46;
	objects = {

/* Begin PBXBuildFile section */
		2021108D19788F320078C78D /* Foundation.framework in Frameworks */ = {isa = PBXBuildFile; fileRef = 2021108C19788F320078C78D /* Foundation.framework */; };
		2021108F19788F320078C78D /* CoreGraphics.framework in Frameworks */ = {isa = PBXBuildFile; fileRef = 2021108E19788F320078C78D /* CoreGraphics.framework */; };
		2021109119788F320078C78D /* UIKit.framework in Frameworks */ = {isa = PBXBuildFile; fileRef = 2021109019788F320078C78D /* UIKit.framework */; };
		2021109719788F320078C78D /* InfoPlist.strings in Resources */ = {isa = PBXBuildFile; fileRef = 2021109519788F320078C78D /* InfoPlist.strings */; };
		2021109919788F320078C78D /* main.m in Sources */ = {isa = PBXBuildFile; fileRef = 2021109819788F320078C78D /* main.m */; };
		2021109D19788F320078C78D /* GUEAppDelegate.m in Sources */ = {isa = PBXBuildFile; fileRef = 2021109C19788F320078C78D /* GUEAppDelegate.m */; };
		202110A019788F320078C78D /* Main.storyboard in Resources */ = {isa = PBXBuildFile; fileRef = 2021109E19788F320078C78D /* Main.storyboard */; };
		202110A319788F320078C78D /* GUEViewController.m in Sources */ = {isa = PBXBuildFile; fileRef = 202110A219788F320078C78D /* GUEViewController.m */; };
		202110A519788F320078C78D /* Images.xcassets in Resources */ = {isa = PBXBuildFile; fileRef = 202110A419788F320078C78D /* Images.xcassets */; };
		202110AC19788F320078C78D /* XCTest.framework in Frameworks */ = {isa = PBXBuildFile; fileRef = 202110AB19788F320078C78D /* XCTest.framework */; };
		202110AD19788F320078C78D /* Foundation.framework in Frameworks */ = {isa = PBXBuildFile; fileRef = 2021108C19788F320078C78D /* Foundation.framework */; };
		202110AE19788F320078C78D /* UIKit.framework in Frameworks */ = {isa = PBXBuildFile; fileRef = 2021109019788F320078C78D /* UIKit.framework */; };
		202110B619788F320078C78D /* InfoPlist.strings in Resources */ = {isa = PBXBuildFile; fileRef = 202110B419788F320078C78D /* InfoPlist.strings */; };
		202110B819788F320078C78D /* GitUseExampleTests.m in Sources */ = {isa = PBXBuildFile; fileRef = 202110B719788F320078C78D /* GitUseExampleTests.m */; };
/* End PBXBuildFile section */

/* Begin PBXContainerItemProxy section */
		202110AF19788F320078C78D /* PBXContainerItemProxy */ = {
			isa = PBXContainerItemProxy;
			containerPortal = 2021108119788F320078C78D /* Project object */;
			proxyType = 1;
			remoteGlobalIDString = 2021108819788F320078C78D;
			remoteInfo = GitUseExample;
		};
/* End PBXContainerItemProxy section */

/* Begin PBXFileReference section */
		2021108919788F320078C78D /* GitUseExample.app */ = {isa = PBXFileReference; explicitFileType = wrapper.application; includeInIndex = 0; path = GitUseExample.app; sourceTree = BUILT_PRODUCTS_DIR; };
		2021108C19788F320078C78D /* Foundation.framework */ = {isa = PBXFileReference; lastKnownFileType = wrapper.framework; name = Foundation.framework; path = System/Library/Frameworks/Foundation.framework; sourceTree = SDKROOT; };
		2021108E19788F320078C78D /* CoreGraphics.framework */ = {isa = PBXFileReference; lastKnownFileType = wrapper.framework; name = CoreGraphics.framework; path = System/Library/Frameworks/CoreGraphics.framework; sourceTree = SDKROOT; };
		2021109019788F320078C78D /* UIKit.framework */ = {isa = PBXFileReference; lastKnownFileType = wrapper.framework; name = UIKit.framework; path = System/Library/Frameworks/UIKit.framework; sourceTree = SDKROOT; };
		2021109419788F320078C78D /* GitUseExample-Info.plist */ = {isa = PBXFileReference; lastKnownFileType = text.plist.xml; path = "GitUseExample-Info.plist"; sourceTree = "<group>"; };
		2021109619788F320078C78D /* en */ = {isa = PBXFileReference; lastKnownFileType = text.plist.strings; name = en; path = en.lproj/InfoPlist.strings; sourceTree = "<group>"; };
		2021109819788F320078C78D /* main.m */ = {isa = PBXFileReference; lastKnownFileType = sourcecode.c.objc; path = main.m; sourceTree = "<group>"; };
		2021109A19788F320078C78D /* GitUseExample-Prefix.pch */ = {isa = PBXFileReference; lastKnownFileType = sourcecode.c.h; path = "GitUseExample-Prefix.pch"; sourceTree = "<group>"; };
		2021109B19788F320078C78D /* GUEAppDelegate.h */ = {isa = PBXFileReference; lastKnownFileType = sourcecode.c.h; path = GUEAppDelegate.h; sourceTree = "<group>"; };
		2021109C19788F320078C78D /* GUEAppDelegate.m */ = {isa = PBXFileReference; lastKnownFileType = sourcecode.c.objc; path = GUEAppDelegate.m; sourceTree = "<group>"; };
		2021109F19788F320078C78D /* Base */ = {isa = PBXFileReference; lastKnownFileType = file.storyboard; name = Base; path = Base.lproj/Main.storyboard; sourceTree = "<group>"; };
		202110A119788F320078C78D /* GUEViewController.h */ = {isa = PBXFileReference; lastKnownFileType = sourcecode.c.h; path = GUEViewController.h; sourceTree = "<group>"; };
		202110A219788F320078C78D /* GUEViewController.m */ = {isa = PBXFileReference; lastKnownFileType = sourcecode.c.objc; path = GUEViewController.m; sourceTree = "<group>"; };
		202110A419788F320078C78D /* Images.xcassets */ = {isa = PBXFileReference; lastKnownFileType = folder.assetcatalog; path = Images.xcassets; sourceTree = "<group>"; };
		202110AA19788F320078C78D /* GitUseExampleTests.xctest */ = {isa = PBXFileReference; explicitFileType = wrapper.cfbundle; includeInIndex = 0; path = GitUseExampleTests.xctest; sourceTree = BUILT_PRODUCTS_DIR; };
		202110AB19788F320078C78D /* XCTest.framework */ = {isa = PBXFileReference; lastKnownFileType = wrapper.framework; name = XCTest.framework; path = Library/Frameworks/XCTest.framework; sourceTree = DEVELOPER_DIR; };
		202110B319788F320078C78D /* GitUseExampleTests-Info.plist */ = {isa = PBXFileReference; lastKnownFileType = text.plist.xml; path = "GitUseExampleTests-Info.plist"; sourceTree = "<group>"; };
		202110B519788F320078C78D /* en */ = {isa = PBXFileReference; lastKnownFileType = text.plist.strings; name = en; path = en.lproj/InfoPlist.strings; sourceTree = "<group>"; };
		202110B719788F320078C78D /* GitUseExampleTests.m */ = {isa = PBXFileReference; lastKnownFileType = sourcecode.c.objc; path = GitUseExampleTests.m; sourceTree = "<group>"; };
/* End PBXFileReference section */

/* Begin PBXFrameworksBuildPhase section */
		2021108619788F320078C78D /* Frameworks */ = {
			isa = PBXFrameworksBuildPhase;
			buildActionMask = 2147483647;
			files = (
				2021108F19788F320078C78D /* CoreGraphics.framework in Frameworks */,
				2021109119788F320078C78D /* UIKit.framework in Frameworks */,
				2021108D19788F320078C78D /* Foundation.framework in Frameworks */,
			);
			runOnlyForDeploymentPostprocessing = 0;
		};
		202110A719788F320078C78D /* Frameworks */ = {
			isa = PBXFrameworksBuildPhase;
			buildActionMask = 2147483647;
			files = (
				202110AC19788F320078C78D /* XCTest.framework in Frameworks */,
				202110AE19788F320078C78D /* UIKit.framework in Frameworks */,
				202110AD19788F320078C78D /* Foundation.framework in Frameworks */,
			);
			runOnlyForDeploymentPostprocessing = 0;
		};
/* End PBXFrameworksBuildPhase section */

/* Begin PBXGroup section */
		2021108019788F320078C78D = {
			isa = PBXGroup;
			children = (
				2021109219788F320078C78D /* GitUseExample */,
				202110B119788F320078C78D /* GitUseExampleTests */,
				2021108B19788F320078C78D /* Frameworks */,
				2021108A19788F320078C78D /* Products */,
			);
			sourceTree = "<group>";
		};
		2021108A19788F320078C78D /* Products */ = {
			isa = PBXGroup;
			children = (
				2021108919788F320078C78D /* GitUseExample.app */,
				202110AA19788F320078C78D /* GitUseExampleTests.xctest */,
			);
			name = Products;
			sourceTree = "<group>";
		};
		2021108B19788F320078C78D /* Frameworks */ = {
			isa = PBXGroup;
			children = (
				2021108C19788F320078C78D /* Foundation.framework */,
				2021108E19788F320078C78D /* CoreGraphics.framework */,
				2021109019788F320078C78D /* UIKit.framework */,
				202110AB19788F320078C78D /* XCTest.framework */,
			);
			name = Frameworks;
			sourceTree = "<group>";
		};
		2021109219788F320078C78D /* GitUseExample */ = {
			isa = PBXGroup;
			children = (
				2021109B19788F320078C78D /* GUEAppDelegate.h */,
				2021109C19788F320078C78D /* GUEAppDelegate.m */,
				2021109E19788F320078C78D /* Main.storyboard */,
				202110A119788F320078C78D /* GUEViewController.h */,
				202110A219788F320078C78D /* GUEViewController.m */,
				202110A419788F320078C78D /* Images.xcassets */,
				2021109319788F320078C78D /* Supporting Files */,
			);
			path = GitUseExample;
			sourceTree = "<group>";
		};
		2021109319788F320078C78D /* Supporting Files */ = {
			isa = PBXGroup;
			children = (
				2021109419788F320078C78D /* GitUseExample-Info.plist */,
				2021109519788F320078C78D /* InfoPlist.strings */,
				2021109819788F320078C78D /* main.m */,
				2021109A19788F320078C78D /* GitUseExample-Prefix.pch */,
			);
			name = "Supporting Files";
			sourceTree = "<group>";
		};
		202110B119788F320078C78D /* GitUseExampleTests */ = {
			isa = PBXGroup;
			children = (
				202110B719788F320078C78D /* GitUseExampleTests.m */,
				202110B219788F320078C78D /* Supporting Files */,
			);
			path = GitUseExampleTests;
			sourceTree = "<group>";
		};
		202110B219788F320078C78D /* Supporting Files */ = {
			isa = PBXGroup;
			children = (
				202110B319788F320078C78D /* GitUseExampleTests-Info.plist */,
				202110B419788F320078C78D /* InfoPlist.strings */,
			);
			name = "Supporting Files";
			sourceTree = "<group>";
		};
/* End PBXGroup section */

/* Begin PBXNativeTarget section */
		2021108819788F320078C78D /* GitUseExample */ = {
			isa = PBXNativeTarget;
			buildConfigurationList = 202110BB19788F320078C78D /* Build configuration list for PBXNativeTarget "GitUseExample" */;
			buildPhases = (
				2021108519788F320078C78D /* Sources */,
				2021108619788F320078C78D /* Frameworks */,
				2021108719788F320078C78D /* Resources */,
			);
			buildRules = (
			);
			dependencies = (
			);
			name = GitUseExample;
			productName = GitUseExample;
			productReference = 2021108919788F320078C78D /* GitUseExample.app */;
			productType = "com.apple.product-type.application";
		};
		202110A919788F320078C78D /* GitUseExampleTests */ = {
			isa = PBXNativeTarget;
			buildConfigurationList = 202110BE19788F320078C78D /* Build configuration list for PBXNativeTarget "GitUseExampleTests" */;
			buildPhases = (
				202110A619788F320078C78D /* Sources */,
				202110A719788F320078C78D /* Frameworks */,
				202110A819788F320078C78D /* Resources */,
			);
			buildRules = (
			);
			dependencies = (
				202110B019788F320078C78D /* PBXTargetDependency */,
			);
			name = GitUseExampleTests;
			productName = GitUseExampleTests;
			productReference = 202110AA19788F320078C78D /* GitUseExampleTests.xctest */;
			productType = "com.apple.product-type.bundle.unit-test";
		};
/* End PBXNativeTarget section */

/* Begin PBXProject section */
		2021108119788F320078C78D /* Project object */ = {
			isa = PBXProject;
			attributes = {
				CLASSPREFIX = GUE;
				LastUpgradeCheck = 0510;
				ORGANIZATIONNAME = "David Bernard";
				TargetAttributes = {
					202110A919788F320078C78D = {
						TestTargetID = 2021108819788F320078C78D;
					};
				};
			};
			buildConfigurationList = 2021108419788F320078C78D /* Build configuration list for PBXProject "GitUseExample" */;
			compatibilityVersion = "Xcode 3.2";
			developmentRegion = English;
			hasScannedForEncodings = 0;
			knownRegions = (
				en,
				Base,
			);
			mainGroup = 2021108019788F320078C78D;
			productRefGroup = 2021108A19788F320078C78D /* Products */;
			projectDirPath = "";
			projectRoot = "";
			targets = (
				2021108819788F320078C78D /* GitUseExample */,
				202110A919788F320078C78D /* GitUseExampleTests */,
			);
		};
/* End PBXProject section */

/* Begin PBXResourcesBuildPhase section */
		2021108719788F320078C78D /* Resources */ = {
			isa = PBXResourcesBuildPhase;
			buildActionMask = 2147483647;
			files = (
				202110A519788F320078C78D /* Images.xcassets in Resources */,
				2021109719788F320078C78D /* InfoPlist.strings in Resources */,
				202110A019788F320078C78D /* Main.storyboard in Resources */,
			);
			runOnlyForDeploymentPostprocessing = 0;
		};
		202110A819788F320078C78D /* Resources */ = {
			isa = PBXResourcesBuildPhase;
			buildActionMask = 2147483647;
			files = (
				202110B619788F320078C78D /* InfoPlist.strings in Resources */,
			);
			runOnlyForDeploymentPostprocessing = 0;
		};
/* End PBXResourcesBuildPhase section */

/* Begin PBXSourcesBuildPhase section */
		2021108519788F320078C78D /* Sources */ = {
			isa = PBXSourcesBuildPhase;
			buildActionMask = 2147483647;
			files = (
				2021109D19788F320078C78D /* GUEAppDelegate.m in Sources */,
				202110A319788F320078C78D /* GUEViewController.m in Sources */,
				2021109919788F320078C78D /* main.m in Sources */,
			);
			runOnlyForDeploymentPostprocessing = 0;
		};
		202110A619788F320078C78D /* Sources */ = {
			isa = PBXSourcesBuildPhase;
			buildActionMask = 2147483647;
			files = (
				202110B819788F320078C78D /* GitUseExampleTests.m in Sources */,
			);
			runOnlyForDeploymentPostprocessing = 0;
		};
/* End PBXSourcesBuildPhase section */

/* Begin PBXTargetDependency section */
		202110B019788F320078C78D /* PBXTargetDependency */ = {
			isa = PBXTargetDependency;
			target = 2021108819788F320078C78D /* GitUseExample */;
			targetProxy = 202110AF19788F320078C78D /* PBXContainerItemProxy */;
		};
/* End PBXTargetDependency section */

/* Begin PBXVariantGroup section */
		2021109519788F320078C78D /* InfoPlist.strings */ = {
			isa = PBXVariantGroup;
			children = (
				2021109619788F320078C78D /* en */,
			);
			name = InfoPlist.strings;
			sourceTree = "<group>";
		};
		2021109E19788F320078C78D /* Main.storyboard */ = {
			isa = PBXVariantGroup;
			children = (
				2021109F19788F320078C78D /* Base */,
			);
			name = Main.storyboard;
			sourceTree = "<group>";
		};
		202110B419788F320078C78D /* InfoPlist.strings */ = {
			isa = PBXVariantGroup;
			children = (
				202110B519788F320078C78D /* en */,
			);
			name = InfoPlist.strings;
			sourceTree = "<group>";
		};
/* End PBXVariantGroup section */

/* Begin XCBuildConfiguration section */
		202110B919788F320078C78D /* Debug */ = {
			isa = XCBuildConfiguration;
			buildSettings = {
				ALWAYS_SEARCH_USER_PATHS = NO;
				CLANG_CXX_LANGUAGE_STANDARD = "gnu++0x";
				CLANG_CXX_LIBRARY = "libc++";
				CLANG_ENABLE_MODULES = YES;
				CLANG_ENABLE_OBJC_ARC = YES;
				CLANG_WARN_BOOL_CONVERSION = YES;
				CLANG_WARN_CONSTANT_CONVERSION = YES;
				CLANG_WARN_DIRECT_OBJC_ISA_USAGE = YES_ERROR;
				CLANG_WARN_EMPTY_BODY = YES;
				CLANG_WARN_ENUM_CONVERSION = YES;
				CLANG_WARN_INT_CONVERSION = YES;
				CLANG_WARN_OBJC_ROOT_CLASS = YES_ERROR;
				CLANG_WARN__DUPLICATE_METHOD_MATCH = YES;
				"CODE_SIGN_IDENTITY[sdk=iphoneos*]" = "iPhone Developer";
				COPY_PHASE_STRIP = NO;
				GCC_C_LANGUAGE_STANDARD = gnu99;
				GCC_DYNAMIC_NO_PIC = NO;
				GCC_OPTIMIZATION_LEVEL = 0;
				GCC_PREPROCESSOR_DEFINITIONS = (
					"DEBUG=1",
					"$(inherited)",
				);
				GCC_SYMBOLS_PRIVATE_EXTERN = NO;
				GCC_WARN_64_TO_32_BIT_CONVERSION = YES;
				GCC_WARN_ABOUT_RETURN_TYPE = YES_ERROR;
				GCC_WARN_UNDECLARED_SELECTOR = YES;
				GCC_WARN_UNINITIALIZED_AUTOS = YES_AGGRESSIVE;
				GCC_WARN_UNUSED_FUNCTION = YES;
				GCC_WARN_UNUSED_VARIABLE = YES;
				IPHONEOS_DEPLOYMENT_TARGET = 7.1;
				ONLY_ACTIVE_ARCH = YES;
				SDKROOT = iphoneos;
			};
			name = Debug;
		};
		202110BA19788F320078C78D /* Release */ = {
			isa = XCBuildConfiguration;
			buildSettings = {
				ALWAYS_SEARCH_USER_PATHS = NO;
				CLANG_CXX_LANGUAGE_STANDARD = "gnu++0x";
				CLANG_CXX_LIBRARY = "libc++";
				CLANG_ENABLE_MODULES = YES;
				CLANG_ENABLE_OBJC_ARC = YES;
				CLANG_WARN_BOOL_CONVERSION = YES;
				CLANG_WARN_CONSTANT_CONVERSION = YES;
				CLANG_WARN_DIRECT_OBJC_ISA_USAGE = YES_ERROR;
				CLANG_WARN_EMPTY_BODY = YES;
				CLANG_WARN_ENUM_CONVERSION = YES;
				CLANG_WARN_INT_CONVERSION = YES;
				CLANG_WARN_OBJC_ROOT_CLASS = YES_ERROR;
				CLANG_WARN__DUPLICATE_METHOD_MATCH = YES;
				"CODE_SIGN_IDENTITY[sdk=iphoneos*]" = "iPhone Developer";
				COPY_PHASE_STRIP = YES;
				ENABLE_NS_ASSERTIONS = NO;
				GCC_C_LANGUAGE_STANDARD = gnu99;
				GCC_WARN_64_TO_32_BIT_CONVERSION = YES;
				GCC_WARN_ABOUT_RETURN_TYPE = YES_ERROR;
				GCC_WARN_UNDECLARED_SELECTOR = YES;
				GCC_WARN_UNINITIALIZED_AUTOS = YES_AGGRESSIVE;
				GCC_WARN_UNUSED_FUNCTION = YES;
				GCC_WARN_UNUSED_VARIABLE = YES;
				IPHONEOS_DEPLOYMENT_TARGET = 7.1;
				SDKROOT = iphoneos;
				VALIDATE_PRODUCT = YES;
			};
			name = Release;
		};
		202110BC19788F320078C78D /* Debug */ = {
			isa = XCBuildConfiguration;
			buildSettings = {
				ASSETCATALOG_COMPILER_APPICON_NAME = AppIcon;
				ASSETCATALOG_COMPILER_LAUNCHIMAGE_NAME = LaunchImage;
				GCC_PRECOMPILE_PREFIX_HEADER = YES;
				GCC_PREFIX_HEADER = "GitUseExample/GitUseExample-Prefix.pch";
				INFOPLIST_FILE = "GitUseExample/GitUseExample-Info.plist";
				PRODUCT_NAME = "$(TARGET_NAME)";
				WRAPPER_EXTENSION = app;
			};
			name = Debug;
		};
		202110BD19788F320078C78D /* Release */ = {
			isa = XCBuildConfiguration;
			buildSettings = {
				ASSETCATALOG_COMPILER_APPICON_NAME = AppIcon;
				ASSETCATALOG_COMPILER_LAUNCHIMAGE_NAME = LaunchImage;
				GCC_PRECOMPILE_PREFIX_HEADER = YES;
				GCC_PREFIX_HEADER = "GitUseExample/GitUseExample-Prefix.pch";
				INFOPLIST_FILE = "GitUseExample/GitUseExample-Info.plist";
				PRODUCT_NAME = "$(TARGET_NAME)";
				WRAPPER_EXTENSION = app;
			};
			name = Release;
		};
		202110BF19788F320078C78D /* Debug */ = {
			isa = XCBuildConfiguration;
			buildSettings = {
				BUNDLE_LOADER = "$(BUILT_PRODUCTS_DIR)/GitUseExample.app/GitUseExample";
				FRAMEWORK_SEARCH_PATHS = (
					"$(SDKROOT)/Developer/Library/Frameworks",
					"$(inherited)",
					"$(DEVELOPER_FRAMEWORKS_DIR)",
				);
				GCC_PRECOMPILE_PREFIX_HEADER = YES;
				GCC_PREFIX_HEADER = "GitUseExample/GitUseExample-Prefix.pch";
				GCC_PREPROCESSOR_DEFINITIONS = (
					"DEBUG=1",
					"$(inherited)",
				);
				INFOPLIST_FILE = "GitUseExampleTests/GitUseExampleTests-Info.plist";
				PRODUCT_NAME = "$(TARGET_NAME)";
				TEST_HOST = "$(BUNDLE_LOADER)";
				WRAPPER_EXTENSION = xctest;
			};
			name = Debug;
		};
		202110C019788F320078C78D /* Release */ = {
			isa = XCBuildConfiguration;
			buildSettings = {
				BUNDLE_LOADER = "$(BUILT_PRODUCTS_DIR)/GitUseExample.app/GitUseExample";
				FRAMEWORK_SEARCH_PATHS = (
					"$(SDKROOT)/Developer/Library/Frameworks",
					"$(inherited)",
					"$(DEVELOPER_FRAMEWORKS_DIR)",
				);
				GCC_PRECOMPILE_PREFIX_HEADER = YES;
				GCC_PREFIX_HEADER = "GitUseExample/GitUseExample-Prefix.pch";
				INFOPLIST_FILE = "GitUseExampleTests/GitUseExampleTests-Info.plist";
				PRODUCT_NAME = "$(TARGET_NAME)";
				TEST_HOST = "$(BUNDLE_LOADER)";
				WRAPPER_EXTENSION = xctest;
			};
			name = Release;
		};
/* End XCBuildConfiguration section */

/* Begin XCConfigurationList section */
		2021108419788F320078C78D /* Build configuration list for PBXProject "GitUseExample" */ = {
			isa = XCConfigurationList;
			buildConfigurations = (
				202110B919788F320078C78D /* Debug */,
				202110BA19788F320078C78D /* Release */,
			);
			defaultConfigurationIsVisible = 0;
			defaultConfigurationName = Release;
		};
		202110BB19788F320078C78D /* Build configuration list for PBXNativeTarget "GitUseExample" */ = {
			isa = XCConfigurationList;
			buildConfigurations = (
				202110BC19788F320078C78D /* Debug */,
				202110BD19788F320078C78D /* Release */,
			);
			defaultConfigurationIsVisible = 0;
		};
		202110BE19788F320078C78D /* Build configuration list for PBXNativeTarget "GitUseExampleTests" */ = {
			isa = XCConfigurationList;
			buildConfigurations = (
				202110BF19788F320078C78D /* Debug */,
				202110C019788F320078C78D /* Release */,
			);
			defaultConfigurationIsVisible = 0;
		};
/* End XCConfigurationList section */
	};
	rootObject = 2021108119788F320078C78D /* Project object */;
}
